
Microsoft Visual Studio Solution File, Format Version 12.00
# Visual Studio Version 17
VisualStudioVersion = 17.0.31903.59
MinimumVisualStudioVersion = 10.0.40219.1
Project("{FAE04EC0-301F-11D3-BF4B-00C04F79EFBC}") = "TypesAndVariables", "TypesAndVariables\TypesAndVariables.csproj", "{2E65B01A-DFBB-4422-9ED1-F509DFCD18F1}"
EndProject
Project("{FAE04EC0-301F-11D3-BF4B-00C04F79EFBC}") = "Conditionals", "Conditionals\Conditionals.csproj", "{053449E6-9AEC-4CB2-B47E-56DB4CE50D80}"
EndProject
Project("{FAE04EC0-301F-11D3-BF4B-00C04F79EFBC}") = "Methods", "Methods\Methods.csproj", "{DF4BC596-BFAC-4FB9-B9A7-07E55F5C6A5C}"
EndProject
Project("{FAE04EC0-301F-11D3-BF4B-00C04F79EFBC}") = "Arrays", "Arrays\Arrays.csproj", "{6C220DAA-9A9B-4FB9-8FEE-52D058D0786B}"
EndProject
Project("{FAE04EC0-301F-11D3-BF4B-00C04F79EFBC}") = "Loops", "Loops\Loops.csproj", "{EBEC331F-9FD5-420B-8E5D-752063FB2038}"
EndProject
Project("{FAE04EC0-301F-11D3-BF4B-00C04F79EFBC}") = "Strings", "Strings\Strings.csproj", "{F9CA09D8-D787-4403-9099-12606B6A5EE8}"
EndProject
Project("{FAE04EC0-301F-11D3-BF4B-00C04F79EFBC}") = "Classes", "Classes\Classes.csproj", "{038C52C1-E105-4AB0-8917-8613984A25E9}"
EndProject
Project("{FAE04EC0-301F-11D3-BF4B-00C04F79EFBC}") = "Interfaces", "Interfaces\Interfaces.csproj", "{AAA6239E-382D-4BD3-A4A5-84C8B35647A8}"
EndProject
Project("{FAE04EC0-301F-11D3-BF4B-00C04F79EFBC}") = "InterfacesDemo", "InterfacesDemo\InterfacesDemo.csproj", "{1F6A398E-9A71-45BC-A2BF-459890CFACC2}"
EndProject
Project("{FAE04EC0-301F-11D3-BF4B-00C04F79EFBC}") = "Inheritance", "Inheritance\Inheritance.csproj", "{CCDEAE1A-A090-46FD-BC3B-9E2E6021DEC0}"
EndProject
Project("{FAE04EC0-301F-11D3-BF4B-00C04F79EFBC}") = "VirtualMethods", "VirtualMethods\VirtualMethods.csproj", "{011DD6FA-CB5C-4DB5-B3D4-94DE74F4AF15}"
EndProject
Global
	GlobalSection(SolutionProperties) = preSolution
		HideSolutionNode = FALSE
	EndGlobalSection
	GlobalSection(SolutionConfigurationPlatforms) = preSolution
		Debug|Any CPU = Debug|Any CPU
		Debug|x64 = Debug|x64
		Debug|x86 = Debug|x86
		Release|Any CPU = Release|Any CPU
		Release|x64 = Release|x64
		Release|x86 = Release|x86
	EndGlobalSection
	GlobalSection(ProjectConfigurationPlatforms) = postSolution
		{2E65B01A-DFBB-4422-9ED1-F509DFCD18F1}.Debug|Any CPU.ActiveCfg = Debug|Any CPU
		{2E65B01A-DFBB-4422-9ED1-F509DFCD18F1}.Debug|Any CPU.Build.0 = Debug|Any CPU
		{2E65B01A-DFBB-4422-9ED1-F509DFCD18F1}.Debug|x64.ActiveCfg = Debug|Any CPU
		{2E65B01A-DFBB-4422-9ED1-F509DFCD18F1}.Debug|x64.Build.0 = Debug|Any CPU
		{2E65B01A-DFBB-4422-9ED1-F509DFCD18F1}.Debug|x86.ActiveCfg = Debug|Any CPU
		{2E65B01A-DFBB-4422-9ED1-F509DFCD18F1}.Debug|x86.Build.0 = Debug|Any CPU
		{2E65B01A-DFBB-4422-9ED1-F509DFCD18F1}.Release|Any CPU.ActiveCfg = Release|Any CPU
		{2E65B01A-DFBB-4422-9ED1-F509DFCD18F1}.Release|Any CPU.Build.0 = Release|Any CPU
		{2E65B01A-DFBB-4422-9ED1-F509DFCD18F1}.Release|x64.ActiveCfg = Release|Any CPU
		{2E65B01A-DFBB-4422-9ED1-F509DFCD18F1}.Release|x64.Build.0 = Release|Any CPU
		{2E65B01A-DFBB-4422-9ED1-F509DFCD18F1}.Release|x86.ActiveCfg = Release|Any CPU
		{2E65B01A-DFBB-4422-9ED1-F509DFCD18F1}.Release|x86.Build.0 = Release|Any CPU
		{053449E6-9AEC-4CB2-B47E-56DB4CE50D80}.Debug|Any CPU.ActiveCfg = Debug|Any CPU
		{053449E6-9AEC-4CB2-B47E-56DB4CE50D80}.Debug|Any CPU.Build.0 = Debug|Any CPU
		{053449E6-9AEC-4CB2-B47E-56DB4CE50D80}.Debug|x64.ActiveCfg = Debug|Any CPU
		{053449E6-9AEC-4CB2-B47E-56DB4CE50D80}.Debug|x64.Build.0 = Debug|Any CPU
		{053449E6-9AEC-4CB2-B47E-56DB4CE50D80}.Debug|x86.ActiveCfg = Debug|Any CPU
		{053449E6-9AEC-4CB2-B47E-56DB4CE50D80}.Debug|x86.Build.0 = Debug|Any CPU
		{053449E6-9AEC-4CB2-B47E-56DB4CE50D80}.Release|Any CPU.ActiveCfg = Release|Any CPU
		{053449E6-9AEC-4CB2-B47E-56DB4CE50D80}.Release|Any CPU.Build.0 = Release|Any CPU
		{053449E6-9AEC-4CB2-B47E-56DB4CE50D80}.Release|x64.ActiveCfg = Release|Any CPU
		{053449E6-9AEC-4CB2-B47E-56DB4CE50D80}.Release|x64.Build.0 = Release|Any CPU
		{053449E6-9AEC-4CB2-B47E-56DB4CE50D80}.Release|x86.ActiveCfg = Release|Any CPU
		{053449E6-9AEC-4CB2-B47E-56DB4CE50D80}.Release|x86.Build.0 = Release|Any CPU
		{DF4BC596-BFAC-4FB9-B9A7-07E55F5C6A5C}.Debug|Any CPU.ActiveCfg = Debug|Any CPU
		{DF4BC596-BFAC-4FB9-B9A7-07E55F5C6A5C}.Debug|Any CPU.Build.0 = Debug|Any CPU
		{DF4BC596-BFAC-4FB9-B9A7-07E55F5C6A5C}.Debug|x64.ActiveCfg = Debug|Any CPU
		{DF4BC596-BFAC-4FB9-B9A7-07E55F5C6A5C}.Debug|x64.Build.0 = Debug|Any CPU
		{DF4BC596-BFAC-4FB9-B9A7-07E55F5C6A5C}.Debug|x86.ActiveCfg = Debug|Any CPU
		{DF4BC596-BFAC-4FB9-B9A7-07E55F5C6A5C}.Debug|x86.Build.0 = Debug|Any CPU
		{DF4BC596-BFAC-4FB9-B9A7-07E55F5C6A5C}.Release|Any CPU.ActiveCfg = Release|Any CPU
		{DF4BC596-BFAC-4FB9-B9A7-07E55F5C6A5C}.Release|Any CPU.Build.0 = Release|Any CPU
		{DF4BC596-BFAC-4FB9-B9A7-07E55F5C6A5C}.Release|x64.ActiveCfg = Release|Any CPU
		{DF4BC596-BFAC-4FB9-B9A7-07E55F5C6A5C}.Release|x64.Build.0 = Release|Any CPU
		{DF4BC596-BFAC-4FB9-B9A7-07E55F5C6A5C}.Release|x86.ActiveCfg = Release|Any CPU
		{DF4BC596-BFAC-4FB9-B9A7-07E55F5C6A5C}.Release|x86.Build.0 = Release|Any CPU
		{6C220DAA-9A9B-4FB9-8FEE-52D058D0786B}.Debug|Any CPU.ActiveCfg = Debug|Any CPU
		{6C220DAA-9A9B-4FB9-8FEE-52D058D0786B}.Debug|Any CPU.Build.0 = Debug|Any CPU
		{6C220DAA-9A9B-4FB9-8FEE-52D058D0786B}.Debug|x64.ActiveCfg = Debug|Any CPU
		{6C220DAA-9A9B-4FB9-8FEE-52D058D0786B}.Debug|x64.Build.0 = Debug|Any CPU
		{6C220DAA-9A9B-4FB9-8FEE-52D058D0786B}.Debug|x86.ActiveCfg = Debug|Any CPU
		{6C220DAA-9A9B-4FB9-8FEE-52D058D0786B}.Debug|x86.Build.0 = Debug|Any CPU
		{6C220DAA-9A9B-4FB9-8FEE-52D058D0786B}.Release|Any CPU.ActiveCfg = Release|Any CPU
		{6C220DAA-9A9B-4FB9-8FEE-52D058D0786B}.Release|Any CPU.Build.0 = Release|Any CPU
		{6C220DAA-9A9B-4FB9-8FEE-52D058D0786B}.Release|x64.ActiveCfg = Release|Any CPU
		{6C220DAA-9A9B-4FB9-8FEE-52D058D0786B}.Release|x64.Build.0 = Release|Any CPU
		{6C220DAA-9A9B-4FB9-8FEE-52D058D0786B}.Release|x86.ActiveCfg = Release|Any CPU
		{6C220DAA-9A9B-4FB9-8FEE-52D058D0786B}.Release|x86.Build.0 = Release|Any CPU
		{EBEC331F-9FD5-420B-8E5D-752063FB2038}.Debug|Any CPU.ActiveCfg = Debug|Any CPU
		{EBEC331F-9FD5-420B-8E5D-752063FB2038}.Debug|Any CPU.Build.0 = Debug|Any CPU
		{EBEC331F-9FD5-420B-8E5D-752063FB2038}.Debug|x64.ActiveCfg = Debug|Any CPU
		{EBEC331F-9FD5-420B-8E5D-752063FB2038}.Debug|x64.Build.0 = Debug|Any CPU
		{EBEC331F-9FD5-420B-8E5D-752063FB2038}.Debug|x86.ActiveCfg = Debug|Any CPU
		{EBEC331F-9FD5-420B-8E5D-752063FB2038}.Debug|x86.Build.0 = Debug|Any CPU
		{EBEC331F-9FD5-420B-8E5D-752063FB2038}.Release|Any CPU.ActiveCfg = Release|Any CPU
		{EBEC331F-9FD5-420B-8E5D-752063FB2038}.Release|Any CPU.Build.0 = Release|Any CPU
		{EBEC331F-9FD5-420B-8E5D-752063FB2038}.Release|x64.ActiveCfg = Release|Any CPU
		{EBEC331F-9FD5-420B-8E5D-752063FB2038}.Release|x64.Build.0 = Release|Any CPU
		{EBEC331F-9FD5-420B-8E5D-752063FB2038}.Release|x86.ActiveCfg = Release|Any CPU
		{EBEC331F-9FD5-420B-8E5D-752063FB2038}.Release|x86.Build.0 = Release|Any CPU
		{F9CA09D8-D787-4403-9099-12606B6A5EE8}.Debug|Any CPU.ActiveCfg = Debug|Any CPU
		{F9CA09D8-D787-4403-9099-12606B6A5EE8}.Debug|Any CPU.Build.0 = Debug|Any CPU
		{F9CA09D8-D787-4403-9099-12606B6A5EE8}.Debug|x64.ActiveCfg = Debug|Any CPU
		{F9CA09D8-D787-4403-9099-12606B6A5EE8}.Debug|x64.Build.0 = Debug|Any CPU
		{F9CA09D8-D787-4403-9099-12606B6A5EE8}.Debug|x86.ActiveCfg = Debug|Any CPU
		{F9CA09D8-D787-4403-9099-12606B6A5EE8}.Debug|x86.Build.0 = Debug|Any CPU
		{F9CA09D8-D787-4403-9099-12606B6A5EE8}.Release|Any CPU.ActiveCfg = Release|Any CPU
		{F9CA09D8-D787-4403-9099-12606B6A5EE8}.Release|Any CPU.Build.0 = Release|Any CPU
		{F9CA09D8-D787-4403-9099-12606B6A5EE8}.Release|x64.ActiveCfg = Release|Any CPU
		{F9CA09D8-D787-4403-9099-12606B6A5EE8}.Release|x64.Build.0 = Release|Any CPU
		{F9CA09D8-D787-4403-9099-12606B6A5EE8}.Release|x86.ActiveCfg = Release|Any CPU
		{F9CA09D8-D787-4403-9099-12606B6A5EE8}.Release|x86.Build.0 = Release|Any CPU
		{038C52C1-E105-4AB0-8917-8613984A25E9}.Debug|Any CPU.ActiveCfg = Debug|Any CPU
		{038C52C1-E105-4AB0-8917-8613984A25E9}.Debug|Any CPU.Build.0 = Debug|Any CPU
		{038C52C1-E105-4AB0-8917-8613984A25E9}.Debug|x64.ActiveCfg = Debug|Any CPU
		{038C52C1-E105-4AB0-8917-8613984A25E9}.Debug|x64.Build.0 = Debug|Any CPU
		{038C52C1-E105-4AB0-8917-8613984A25E9}.Debug|x86.ActiveCfg = Debug|Any CPU
		{038C52C1-E105-4AB0-8917-8613984A25E9}.Debug|x86.Build.0 = Debug|Any CPU
		{038C52C1-E105-4AB0-8917-8613984A25E9}.Release|Any CPU.ActiveCfg = Release|Any CPU
		{038C52C1-E105-4AB0-8917-8613984A25E9}.Release|Any CPU.Build.0 = Release|Any CPU
		{038C52C1-E105-4AB0-8917-8613984A25E9}.Release|x64.ActiveCfg = Release|Any CPU
		{038C52C1-E105-4AB0-8917-8613984A25E9}.Release|x64.Build.0 = Release|Any CPU
		{038C52C1-E105-4AB0-8917-8613984A25E9}.Release|x86.ActiveCfg = Release|Any CPU
		{038C52C1-E105-4AB0-8917-8613984A25E9}.Release|x86.Build.0 = Release|Any CPU
		{AAA6239E-382D-4BD3-A4A5-84C8B35647A8}.Debug|Any CPU.ActiveCfg = Debug|Any CPU
		{AAA6239E-382D-4BD3-A4A5-84C8B35647A8}.Debug|Any CPU.Build.0 = Debug|Any CPU
		{AAA6239E-382D-4BD3-A4A5-84C8B35647A8}.Debug|x64.ActiveCfg = Debug|Any CPU
		{AAA6239E-382D-4BD3-A4A5-84C8B35647A8}.Debug|x64.Build.0 = Debug|Any CPU
		{AAA6239E-382D-4BD3-A4A5-84C8B35647A8}.Debug|x86.ActiveCfg = Debug|Any CPU
		{AAA6239E-382D-4BD3-A4A5-84C8B35647A8}.Debug|x86.Build.0 = Debug|Any CPU
		{AAA6239E-382D-4BD3-A4A5-84C8B35647A8}.Release|Any CPU.ActiveCfg = Release|Any CPU
		{AAA6239E-382D-4BD3-A4A5-84C8B35647A8}.Release|Any CPU.Build.0 = Release|Any CPU
		{AAA6239E-382D-4BD3-A4A5-84C8B35647A8}.Release|x64.ActiveCfg = Release|Any CPU
		{AAA6239E-382D-4BD3-A4A5-84C8B35647A8}.Release|x64.Build.0 = Release|Any CPU
		{AAA6239E-382D-4BD3-A4A5-84C8B35647A8}.Release|x86.ActiveCfg = Release|Any CPU
		{AAA6239E-382D-4BD3-A4A5-84C8B35647A8}.Release|x86.Build.0 = Release|Any CPU
		{1F6A398E-9A71-45BC-A2BF-459890CFACC2}.Debug|Any CPU.ActiveCfg = Debug|Any CPU
		{1F6A398E-9A71-45BC-A2BF-459890CFACC2}.Debug|Any CPU.Build.0 = Debug|Any CPU
		{1F6A398E-9A71-45BC-A2BF-459890CFACC2}.Debug|x64.ActiveCfg = Debug|Any CPU
		{1F6A398E-9A71-45BC-A2BF-459890CFACC2}.Debug|x64.Build.0 = Debug|Any CPU
		{1F6A398E-9A71-45BC-A2BF-459890CFACC2}.Debug|x86.ActiveCfg = Debug|Any CPU
		{1F6A398E-9A71-45BC-A2BF-459890CFACC2}.Debug|x86.Build.0 = Debug|Any CPU
		{1F6A398E-9A71-45BC-A2BF-459890CFACC2}.Release|Any CPU.ActiveCfg = Release|Any CPU
		{1F6A398E-9A71-45BC-A2BF-459890CFACC2}.Release|Any CPU.Build.0 = Release|Any CPU
		{1F6A398E-9A71-45BC-A2BF-459890CFACC2}.Release|x64.ActiveCfg = Release|Any CPU
		{1F6A398E-9A71-45BC-A2BF-459890CFACC2}.Release|x64.Build.0 = Release|Any CPU
		{1F6A398E-9A71-45BC-A2BF-459890CFACC2}.Release|x86.ActiveCfg = Release|Any CPU
		{1F6A398E-9A71-45BC-A2BF-459890CFACC2}.Release|x86.Build.0 = Release|Any CPU
		{CCDEAE1A-A090-46FD-BC3B-9E2E6021DEC0}.Debug|Any CPU.ActiveCfg = Debug|Any CPU
		{CCDEAE1A-A090-46FD-BC3B-9E2E6021DEC0}.Debug|Any CPU.Build.0 = Debug|Any CPU
		{CCDEAE1A-A090-46FD-BC3B-9E2E6021DEC0}.Debug|x64.ActiveCfg = Debug|Any CPU
		{CCDEAE1A-A090-46FD-BC3B-9E2E6021DEC0}.Debug|x64.Build.0 = Debug|Any CPU
		{CCDEAE1A-A090-46FD-BC3B-9E2E6021DEC0}.Debug|x86.ActiveCfg = Debug|Any CPU
		{CCDEAE1A-A090-46FD-BC3B-9E2E6021DEC0}.Debug|x86.Build.0 = Debug|Any CPU
		{CCDEAE1A-A090-46FD-BC3B-9E2E6021DEC0}.Release|Any CPU.ActiveCfg = Release|Any CPU
		{CCDEAE1A-A090-46FD-BC3B-9E2E6021DEC0}.Release|Any CPU.Build.0 = Release|Any CPU
		{CCDEAE1A-A090-46FD-BC3B-9E2E6021DEC0}.Release|x64.ActiveCfg = Release|Any CPU
		{CCDEAE1A-A090-46FD-BC3B-9E2E6021DEC0}.Release|x64.Build.0 = Release|Any CPU
		{CCDEAE1A-A090-46FD-BC3B-9E2E6021DEC0}.Release|x86.ActiveCfg = Release|Any CPU
		{CCDEAE1A-A090-46FD-BC3B-9E2E6021DEC0}.Release|x86.Build.0 = Release|Any CPU
		{011DD6FA-CB5C-4DB5-B3D4-94DE74F4AF15}.Debug|Any CPU.ActiveCfg = Debug|Any CPU
		{011DD6FA-CB5C-4DB5-B3D4-94DE74F4AF15}.Debug|Any CPU.Build.0 = Debug|Any CPU
		{011DD6FA-CB5C-4DB5-B3D4-94DE74F4AF15}.Debug|x64.ActiveCfg = Debug|Any CPU
		{011DD6FA-CB5C-4DB5-B3D4-94DE74F4AF15}.Debug|x64.Build.0 = Debug|Any CPU
		{011DD6FA-CB5C-4DB5-B3D4-94DE74F4AF15}.Debug|x86.ActiveCfg = Debug|Any CPU
		{011DD6FA-CB5C-4DB5-B3D4-94DE74F4AF15}.Debug|x86.Build.0 = Debug|Any CPU
		{011DD6FA-CB5C-4DB5-B3D4-94DE74F4AF15}.Release|Any CPU.ActiveCfg = Release|Any CPU
		{011DD6FA-CB5C-4DB5-B3D4-94DE74F4AF15}.Release|Any CPU.Build.0 = Release|Any CPU
		{011DD6FA-CB5C-4DB5-B3D4-94DE74F4AF15}.Release|x64.ActiveCfg = Release|Any CPU
		{011DD6FA-CB5C-4DB5-B3D4-94DE74F4AF15}.Release|x64.Build.0 = Release|Any CPU
		{011DD6FA-CB5C-4DB5-B3D4-94DE74F4AF15}.Release|x86.ActiveCfg = Release|Any CPU
		{011DD6FA-CB5C-4DB5-B3D4-94DE74F4AF15}.Release|x86.Build.0 = Release|Any CPU
	EndGlobalSection
EndGlobal
